
Microsoft Visual Studio Solution File, Format Version 12.00
# Visual Studio Version 17
VisualStudioVersion = 17.4.33213.308
MinimumVisualStudioVersion = 10.0.40219.1
Project("{FAE04EC0-301F-11D3-BF4B-00C04F79EFBC}") = "pedestriansParkway", "pedestriansParkway\pedestriansParkway.csproj", "{9AAF000F-DC27-43B3-834A-360A1B11AFFC}"
EndProject
Global
	GlobalSection(SolutionConfigurationPlatforms) = preSolution
		Debug|Any CPU = Debug|Any CPU
		Release|Any CPU = Release|Any CPU
	EndGlobalSection
	GlobalSection(ProjectConfigurationPlatforms) = postSolution
		{9AAF000F-DC27-43B3-834A-360A1B11AFFC}.Debug|Any CPU.ActiveCfg = Debug|Any CPU
		{9AAF000F-DC27-43B3-834A-360A1B11AFFC}.Debug|Any CPU.Build.0 = Debug|Any CPU
		{9AAF000F-DC27-43B3-834A-360A1B11AFFC}.Release|Any CPU.ActiveCfg = Release|Any CPU
		{9AAF000F-DC27-43B3-834A-360A1B11AFFC}.Release|Any CPU.Build.0 = Release|Any CPU
	EndGlobalSection
	GlobalSection(SolutionProperties) = preSolution
		HideSolutionNode = FALSE
	EndGlobalSection
	GlobalSection(ExtensibilityGlobals) = postSolution
		SolutionGuid = {41BC68EA-7E25-4A28-BAE3-60FBA8469390}
	EndGlobalSection
EndGlobal
